
Microsoft Visual Studio Solution File, Format Version 12.00
# Visual Studio Version 17
VisualStudioVersion = 17.0.31903.59
MinimumVisualStudioVersion = 10.0.40219.1
Project("{2150E333-8FDC-42A3-9474-1A3956D46DE8}") = "src", "src", "{827E0CD3-B72D-47B6-A68D-7590B98EB39B}"
EndProject
Project("{FAE04EC0-301F-11D3-BF4B-00C04F79EFBC}") = "OrtegaLib.Notifications", "src\OrtegaLib.Notifications\OrtegaLib.Notifications.csproj", "{B0D08625-96EE-42A9-A471-9C7FD5395CDE}"
EndProject
Project("{2150E333-8FDC-42A3-9474-1A3956D46DE8}") = "tests", "tests", "{0AB3BF05-4346-4AA6-1389-037BE0695223}"
EndProject
Project("{FAE04EC0-301F-11D3-BF4B-00C04F79EFBC}") = "OrtegaLib.Notifications.Tests", "tests\OrtegaLib.Notifications.Tests\OrtegaLib.Notifications.Tests.csproj", "{3A1C7E6A-1181-4E6F-88AD-8D2EC50E0573}"
EndProject
Project("{FAE04EC0-301F-11D3-BF4B-00C04F79EFBC}") = "OrtegaLib.Models", "src\OrtegaLib.Models\OrtegaLib.Models.csproj", "{05151119-B504-4962-824E-90C2AAD739EA}"
EndProject
Project("{FAE04EC0-301F-11D3-BF4B-00C04F79EFBC}") = "OrtegaLib.Models.Tests", "tests\OrtegaLib.Models.Tests\OrtegaLib.Models.Tests.csproj", "{24F40D4F-8D49-4139-9EA2-96C26E1F3957}"
EndProject
Project("{FAE04EC0-301F-11D3-BF4B-00C04F79EFBC}") = "OrtegaLib.Notifications.Telegram", "src\OrtegaLib.Notifications.Telegram\OrtegaLib.Notifications.Telegram.csproj", "{9FF50534-24BF-4006-BB80-A584B4D23AC8}"
EndProject
Project("{FAE04EC0-301F-11D3-BF4B-00C04F79EFBC}") = "OrtegaLib.Notifications.Telegram.Tests", "tests\OrtegaLib.Notifications.Telegram.Tests\OrtegaLib.Notifications.Telegram.Tests.csproj", "{BB83AE1C-10EA-4A49-9DA2-55391D708B9D}"
EndProject
Global
	GlobalSection(SolutionConfigurationPlatforms) = preSolution
		Debug|Any CPU = Debug|Any CPU
		Debug|x64 = Debug|x64
		Debug|x86 = Debug|x86
		Release|Any CPU = Release|Any CPU
		Release|x64 = Release|x64
		Release|x86 = Release|x86
	EndGlobalSection
	GlobalSection(ProjectConfigurationPlatforms) = postSolution
		{B0D08625-96EE-42A9-A471-9C7FD5395CDE}.Debug|Any CPU.ActiveCfg = Debug|Any CPU
		{B0D08625-96EE-42A9-A471-9C7FD5395CDE}.Debug|Any CPU.Build.0 = Debug|Any CPU
		{B0D08625-96EE-42A9-A471-9C7FD5395CDE}.Debug|x64.ActiveCfg = Debug|Any CPU
		{B0D08625-96EE-42A9-A471-9C7FD5395CDE}.Debug|x64.Build.0 = Debug|Any CPU
		{B0D08625-96EE-42A9-A471-9C7FD5395CDE}.Debug|x86.ActiveCfg = Debug|Any CPU
		{B0D08625-96EE-42A9-A471-9C7FD5395CDE}.Debug|x86.Build.0 = Debug|Any CPU
		{B0D08625-96EE-42A9-A471-9C7FD5395CDE}.Release|Any CPU.ActiveCfg = Release|Any CPU
		{B0D08625-96EE-42A9-A471-9C7FD5395CDE}.Release|Any CPU.Build.0 = Release|Any CPU
		{B0D08625-96EE-42A9-A471-9C7FD5395CDE}.Release|x64.ActiveCfg = Release|Any CPU
		{B0D08625-96EE-42A9-A471-9C7FD5395CDE}.Release|x64.Build.0 = Release|Any CPU
		{B0D08625-96EE-42A9-A471-9C7FD5395CDE}.Release|x86.ActiveCfg = Release|Any CPU
		{B0D08625-96EE-42A9-A471-9C7FD5395CDE}.Release|x86.Build.0 = Release|Any CPU
		{3A1C7E6A-1181-4E6F-88AD-8D2EC50E0573}.Debug|Any CPU.ActiveCfg = Debug|Any CPU
		{3A1C7E6A-1181-4E6F-88AD-8D2EC50E0573}.Debug|Any CPU.Build.0 = Debug|Any CPU
		{3A1C7E6A-1181-4E6F-88AD-8D2EC50E0573}.Debug|x64.ActiveCfg = Debug|Any CPU
		{3A1C7E6A-1181-4E6F-88AD-8D2EC50E0573}.Debug|x64.Build.0 = Debug|Any CPU
		{3A1C7E6A-1181-4E6F-88AD-8D2EC50E0573}.Debug|x86.ActiveCfg = Debug|Any CPU
		{3A1C7E6A-1181-4E6F-88AD-8D2EC50E0573}.Debug|x86.Build.0 = Debug|Any CPU
		{3A1C7E6A-1181-4E6F-88AD-8D2EC50E0573}.Release|Any CPU.ActiveCfg = Release|Any CPU
		{3A1C7E6A-1181-4E6F-88AD-8D2EC50E0573}.Release|Any CPU.Build.0 = Release|Any CPU
		{3A1C7E6A-1181-4E6F-88AD-8D2EC50E0573}.Release|x64.ActiveCfg = Release|Any CPU
		{3A1C7E6A-1181-4E6F-88AD-8D2EC50E0573}.Release|x64.Build.0 = Release|Any CPU
		{3A1C7E6A-1181-4E6F-88AD-8D2EC50E0573}.Release|x86.ActiveCfg = Release|Any CPU
		{3A1C7E6A-1181-4E6F-88AD-8D2EC50E0573}.Release|x86.Build.0 = Release|Any CPU
		{05151119-B504-4962-824E-90C2AAD739EA}.Debug|Any CPU.ActiveCfg = Debug|Any CPU
		{05151119-B504-4962-824E-90C2AAD739EA}.Debug|Any CPU.Build.0 = Debug|Any CPU
		{05151119-B504-4962-824E-90C2AAD739EA}.Debug|x64.ActiveCfg = Debug|Any CPU
		{05151119-B504-4962-824E-90C2AAD739EA}.Debug|x64.Build.0 = Debug|Any CPU
		{05151119-B504-4962-824E-90C2AAD739EA}.Debug|x86.ActiveCfg = Debug|Any CPU
		{05151119-B504-4962-824E-90C2AAD739EA}.Debug|x86.Build.0 = Debug|Any CPU
		{05151119-B504-4962-824E-90C2AAD739EA}.Release|Any CPU.ActiveCfg = Release|Any CPU
		{05151119-B504-4962-824E-90C2AAD739EA}.Release|Any CPU.Build.0 = Release|Any CPU
		{05151119-B504-4962-824E-90C2AAD739EA}.Release|x64.ActiveCfg = Release|Any CPU
		{05151119-B504-4962-824E-90C2AAD739EA}.Release|x64.Build.0 = Release|Any CPU
		{05151119-B504-4962-824E-90C2AAD739EA}.Release|x86.ActiveCfg = Release|Any CPU
		{05151119-B504-4962-824E-90C2AAD739EA}.Release|x86.Build.0 = Release|Any CPU
		{24F40D4F-8D49-4139-9EA2-96C26E1F3957}.Debug|Any CPU.ActiveCfg = Debug|Any CPU
		{24F40D4F-8D49-4139-9EA2-96C26E1F3957}.Debug|Any CPU.Build.0 = Debug|Any CPU
		{24F40D4F-8D49-4139-9EA2-96C26E1F3957}.Debug|x64.ActiveCfg = Debug|Any CPU
		{24F40D4F-8D49-4139-9EA2-96C26E1F3957}.Debug|x64.Build.0 = Debug|Any CPU
		{24F40D4F-8D49-4139-9EA2-96C26E1F3957}.Debug|x86.ActiveCfg = Debug|Any CPU
		{24F40D4F-8D49-4139-9EA2-96C26E1F3957}.Debug|x86.Build.0 = Debug|Any CPU
		{24F40D4F-8D49-4139-9EA2-96C26E1F3957}.Release|Any CPU.ActiveCfg = Release|Any CPU
		{24F40D4F-8D49-4139-9EA2-96C26E1F3957}.Release|Any CPU.Build.0 = Release|Any CPU
		{24F40D4F-8D49-4139-9EA2-96C26E1F3957}.Release|x64.ActiveCfg = Release|Any CPU
		{24F40D4F-8D49-4139-9EA2-96C26E1F3957}.Release|x64.Build.0 = Release|Any CPU
		{24F40D4F-8D49-4139-9EA2-96C26E1F3957}.Release|x86.ActiveCfg = Release|Any CPU
		{24F40D4F-8D49-4139-9EA2-96C26E1F3957}.Release|x86.Build.0 = Release|Any CPU
		{9FF50534-24BF-4006-BB80-A584B4D23AC8}.Debug|Any CPU.ActiveCfg = Debug|Any CPU
		{9FF50534-24BF-4006-BB80-A584B4D23AC8}.Debug|Any CPU.Build.0 = Debug|Any CPU
		{9FF50534-24BF-4006-BB80-A584B4D23AC8}.Debug|x64.ActiveCfg = Debug|Any CPU
		{9FF50534-24BF-4006-BB80-A584B4D23AC8}.Debug|x64.Build.0 = Debug|Any CPU
		{9FF50534-24BF-4006-BB80-A584B4D23AC8}.Debug|x86.ActiveCfg = Debug|Any CPU
		{9FF50534-24BF-4006-BB80-A584B4D23AC8}.Debug|x86.Build.0 = Debug|Any CPU
		{9FF50534-24BF-4006-BB80-A584B4D23AC8}.Release|Any CPU.ActiveCfg = Release|Any CPU
		{9FF50534-24BF-4006-BB80-A584B4D23AC8}.Release|Any CPU.Build.0 = Release|Any CPU
		{9FF50534-24BF-4006-BB80-A584B4D23AC8}.Release|x64.ActiveCfg = Release|Any CPU
		{9FF50534-24BF-4006-BB80-A584B4D23AC8}.Release|x64.Build.0 = Release|Any CPU
		{9FF50534-24BF-4006-BB80-A584B4D23AC8}.Release|x86.ActiveCfg = Release|Any CPU
		{9FF50534-24BF-4006-BB80-A584B4D23AC8}.Release|x86.Build.0 = Release|Any CPU
		{BB83AE1C-10EA-4A49-9DA2-55391D708B9D}.Debug|Any CPU.ActiveCfg = Debug|Any CPU
		{BB83AE1C-10EA-4A49-9DA2-55391D708B9D}.Debug|Any CPU.Build.0 = Debug|Any CPU
		{BB83AE1C-10EA-4A49-9DA2-55391D708B9D}.Debug|x64.ActiveCfg = Debug|Any CPU
		{BB83AE1C-10EA-4A49-9DA2-55391D708B9D}.Debug|x64.Build.0 = Debug|Any CPU
		{BB83AE1C-10EA-4A49-9DA2-55391D708B9D}.Debug|x86.ActiveCfg = Debug|Any CPU
		{BB83AE1C-10EA-4A49-9DA2-55391D708B9D}.Debug|x86.Build.0 = Debug|Any CPU
		{BB83AE1C-10EA-4A49-9DA2-55391D708B9D}.Release|Any CPU.ActiveCfg = Release|Any CPU
		{BB83AE1C-10EA-4A49-9DA2-55391D708B9D}.Release|Any CPU.Build.0 = Release|Any CPU
		{BB83AE1C-10EA-4A49-9DA2-55391D708B9D}.Release|x64.ActiveCfg = Release|Any CPU
		{BB83AE1C-10EA-4A49-9DA2-55391D708B9D}.Release|x64.Build.0 = Release|Any CPU
		{BB83AE1C-10EA-4A49-9DA2-55391D708B9D}.Release|x86.ActiveCfg = Release|Any CPU
		{BB83AE1C-10EA-4A49-9DA2-55391D708B9D}.Release|x86.Build.0 = Release|Any CPU
	EndGlobalSection
	GlobalSection(SolutionProperties) = preSolution
		HideSolutionNode = FALSE
	EndGlobalSection
	GlobalSection(NestedProjects) = preSolution
		{B0D08625-96EE-42A9-A471-9C7FD5395CDE} = {827E0CD3-B72D-47B6-A68D-7590B98EB39B}
		{3A1C7E6A-1181-4E6F-88AD-8D2EC50E0573} = {0AB3BF05-4346-4AA6-1389-037BE0695223}
		{05151119-B504-4962-824E-90C2AAD739EA} = {827E0CD3-B72D-47B6-A68D-7590B98EB39B}
		{24F40D4F-8D49-4139-9EA2-96C26E1F3957} = {0AB3BF05-4346-4AA6-1389-037BE0695223}
		{9FF50534-24BF-4006-BB80-A584B4D23AC8} = {827E0CD3-B72D-47B6-A68D-7590B98EB39B}
		{BB83AE1C-10EA-4A49-9DA2-55391D708B9D} = {0AB3BF05-4346-4AA6-1389-037BE0695223}
	EndGlobalSection
EndGlobal
